# THIS IS AN AUTOGENERATED FILE. DO NOT EDIT THIS FILE DIRECTLY.
# yarn lockfile v1


"@openzeppelin/contracts@^4.7.0":
  "integrity" "sha512-52Qb+A1DdOss8QvJrijYYPSf32GUg2pGaG/yCxtaA3cu4jduouTdg4XZSMLW9op54m1jH7J8hoajhHKOPsoJFw=="
  "resolved" "https://registry.npmjs.org/@openzeppelin/contracts/-/contracts-4.7.0.tgz"
  "version" "4.7.0"

"sol2uml@file:C:/Users/Songark/AppData/Roaming/npm/node_modules/sol2uml":
  "resolved" "file:C:/Users/Songark/AppData/Roaming/npm/node_modules/sol2uml"
  "version" "2.1.9"
  dependencies:
    "@aduh95/viz.js" "^3.7.0"
    "@solidity-parser/parser" "^0.14.3"
    "axios" "^0.27.2"
    "commander" "^9.4.0"
    "convert-svg-to-png" "^0.6.4"
    "debug" "^4.3.4"
    "ethers" "^5.6.9"
    "js-graph-algorithms" "^1.0.18"
    "klaw" "^4.0.1"

"yarn@^1.22.19":
  "integrity" "sha512-/0V5q0WbslqnwP91tirOvldvYISzaqhClxzyUKXYxs07yUILIs5jx/k6CFe8bvKSkds5w+eiOqta39Wk3WxdcQ=="
  "resolved" "https://registry.npmjs.org/yarn/-/yarn-1.22.19.tgz"
  "version" "1.22.19"
